{
  "name": "language-hclrs",
  "version": "0.0.0",
  "lockfileVersion": 1,
  "requires": true,
  "dependencies": {
    "nan": {
      "version": "2.12.1",
      "resolved": "https://registry.npmjs.org/nan/-/nan-2.12.1.tgz",
      "integrity": "sha512-JY7V6lRkStKcKTvHO5NVSQRv+RV+FIL5pvDoLiAtSL9pKlC5x9PKQcZDsq7m4FO4d57mkhC6Z+QhAh3Jdk5JFw=="
    },
    "tree-sitter-hclrs": {
      "version": "0.0.2",
      "resolved": "https://registry.npmjs.org/tree-sitter-hclrs/-/tree-sitter-hclrs-0.0.2.tgz",
      "integrity": "sha512-kfi36hu3xJR/Tz+TzEAz9uCWEOnny1csrw6PmVCxdaW/J8DOfdpPo3ai9zVdXk91rn9LrMOglfVLomSIYvAf4w==",
      "requires": {
        "nan": "^2.12.1"
      }
    }
  }
}
