{
  "name": "language-hclrs",
  "version": "0.0.1",
  "lockfileVersion": 1,
  "requires": true,
  "dependencies": {
    "nan": {
      "version": "2.15.0",
      "resolved": "https://registry.npmjs.org/nan/-/nan-2.15.0.tgz",
      "integrity": "sha512-8ZtvEnA2c5aYCZYd1cvgdnU6cqwixRoYg70xPLWUws5ORTa/lnw+u4amixRS/Ac5U5mQVgp9pnlSUnbNWFaWZQ=="
    },
    "tree-sitter-hclrs": {
      "version": "0.0.5",
      "resolved": "https://registry.npmjs.org/tree-sitter-hclrs/-/tree-sitter-hclrs-0.0.5.tgz",
      "integrity": "sha512-qCtHF71kKr98Hzbw4h7RC29LOJ94InDd3tROJAzaR0e67a7BCkcVfQVj2NAr7lVMdOLrT5BDsQU223CmrhJYeg==",
      "requires": {
        "nan": "^2.15.0"
      }
    }
  }
}
